
Microsoft Visual Studio Solution File, Format Version 12.00
# Visual Studio Version 17
VisualStudioVersion = 17.0.31903.59
MinimumVisualStudioVersion = 10.0.40219.1
Project("{FAE04EC0-301F-11D3-BF4B-00C04F79EFBC}") = "SAW.ComputerVision.Core", "SAW.ComputerVision.Core\SAW.ComputerVision.Core.csproj", "{5B679F1D-9B7C-453D-AB3B-348C8F97C432}"
EndProject
Project("{FAE04EC0-301F-11D3-BF4B-00C04F79EFBC}") = "SAW.ComputerVision.Core.Tests", "SAW.ComputerVision.Core.Tests\SAW.ComputerVision.Core.Tests.csproj", "{AEFC5DC4-B12E-4F3B-8277-B8F5A2DAAB26}"
EndProject
Project("{FAE04EC0-301F-11D3-BF4B-00C04F79EFBC}") = "SAW.ComputerVision.Worker", "SAW.ComputerVision.Worker\SAW.ComputerVision.Worker.csproj", "{50AD3567-6204-4A58-AB1E-5CE130706E8B}"
EndProject
Global
	GlobalSection(SolutionConfigurationPlatforms) = preSolution
		Debug|Any CPU = Debug|Any CPU
		Release|Any CPU = Release|Any CPU
	EndGlobalSection
	GlobalSection(SolutionProperties) = preSolution
		HideSolutionNode = FALSE
	EndGlobalSection
	GlobalSection(ProjectConfigurationPlatforms) = postSolution
		{5B679F1D-9B7C-453D-AB3B-348C8F97C432}.Debug|Any CPU.ActiveCfg = Debug|Any CPU
		{5B679F1D-9B7C-453D-AB3B-348C8F97C432}.Debug|Any CPU.Build.0 = Debug|Any CPU
		{5B679F1D-9B7C-453D-AB3B-348C8F97C432}.Release|Any CPU.ActiveCfg = Release|Any CPU
		{5B679F1D-9B7C-453D-AB3B-348C8F97C432}.Release|Any CPU.Build.0 = Release|Any CPU
		{AEFC5DC4-B12E-4F3B-8277-B8F5A2DAAB26}.Debug|Any CPU.ActiveCfg = Debug|Any CPU
		{AEFC5DC4-B12E-4F3B-8277-B8F5A2DAAB26}.Debug|Any CPU.Build.0 = Debug|Any CPU
		{AEFC5DC4-B12E-4F3B-8277-B8F5A2DAAB26}.Release|Any CPU.ActiveCfg = Release|Any CPU
		{AEFC5DC4-B12E-4F3B-8277-B8F5A2DAAB26}.Release|Any CPU.Build.0 = Release|Any CPU
		{50AD3567-6204-4A58-AB1E-5CE130706E8B}.Debug|Any CPU.ActiveCfg = Debug|Any CPU
		{50AD3567-6204-4A58-AB1E-5CE130706E8B}.Debug|Any CPU.Build.0 = Debug|Any CPU
		{50AD3567-6204-4A58-AB1E-5CE130706E8B}.Release|Any CPU.ActiveCfg = Release|Any CPU
		{50AD3567-6204-4A58-AB1E-5CE130706E8B}.Release|Any CPU.Build.0 = Release|Any CPU
	EndGlobalSection
EndGlobal
